
Microsoft Visual Studio Solution File, Format Version 12.00
# Visual Studio 2013
VisualStudioVersion = 12.0.21005.1
MinimumVisualStudioVersion = 10.0.40219.1
Project("{2150E333-8FDC-42A3-9474-1A3956D46DE8}") = "vjezba_1", "vjezba_1", "{CF0C8E02-8566-4EFC-A9EF-5A728AB3A38E}"
EndProject
Project("{2150E333-8FDC-42A3-9474-1A3956D46DE8}") = "vjezba_2", "vjezba_2", "{06FC343D-E47C-4832-A77D-E98DD759B8A5}"
EndProject
Project("{2150E333-8FDC-42A3-9474-1A3956D46DE8}") = "vjezba_3", "vjezba_3", "{AE008F43-5B73-4F89-9C3A-EADAF5E7F6CF}"
EndProject
Project("{2150E333-8FDC-42A3-9474-1A3956D46DE8}") = "vjezba_5", "vjezba_5", "{E6DEC9A3-C8F3-4AB1-96DB-FB423C34D662}"
EndProject
Project("{8BC9CEB8-8B4A-11D0-8D11-00A0C91BC942}") = "v1_zad1", "Zadatak1\Zadatak1.vcxproj", "{C362A8CB-ADB3-45A0-9337-F84E4ACB6531}"
EndProject
Project("{8BC9CEB8-8B4A-11D0-8D11-00A0C91BC942}") = "v1_zad2", "Zadatak2\Zadatak2.vcxproj", "{5DB8D2AD-C58C-4DF7-8B1F-8D70B4D0C0F0}"
EndProject
Project("{8BC9CEB8-8B4A-11D0-8D11-00A0C91BC942}") = "v1_zad3", "Zadatak3\Zadatak3.vcxproj", "{B9588105-450D-4126-87DE-DB7CC0A2DED7}"
EndProject
Project("{8BC9CEB8-8B4A-11D0-8D11-00A0C91BC942}") = "v1_zad4", "Zadatak4\Zadatak4.vcxproj", "{9EF0C98C-6EA3-4A7E-9A86-65E11F4FFCB3}"
EndProject
Project("{8BC9CEB8-8B4A-11D0-8D11-00A0C91BC942}") = "v2_zad1", "v2_zad1\v2_zad1.vcxproj", "{4E353023-2CB5-4BDA-8C94-4E9FC0AE86DF}"
EndProject
Project("{8BC9CEB8-8B4A-11D0-8D11-00A0C91BC942}") = "v2_zad2", "v2_zad2\v2_zad2.vcxproj", "{1E69D23C-E3A2-4B15-84F9-AF89271374F3}"
EndProject
Project("{8BC9CEB8-8B4A-11D0-8D11-00A0C91BC942}") = "v2_zad3", "v2_zad3\v2_zad3.vcxproj", "{E137ED00-C30B-4A96-871E-1AF8FB35C549}"
EndProject
Project("{8BC9CEB8-8B4A-11D0-8D11-00A0C91BC942}") = "v2_zad4", "v2_zad4\v2_zad4.vcxproj", "{65B865CE-D191-4922-9734-9E123EAF730B}"
EndProject
Project("{8BC9CEB8-8B4A-11D0-8D11-00A0C91BC942}") = "vj3_zad1", "vj3_zad1\vj3_zad1.vcxproj", "{BABCA606-EE31-492C-8255-14D2E7A3A911}"
EndProject
Project("{8BC9CEB8-8B4A-11D0-8D11-00A0C91BC942}") = "vj3_zad2", "vj3_zad2\vj3_zad2.vcxproj", "{8E60BCBB-C14B-439C-94B2-22BE45DC2695}"
EndProject
Project("{8BC9CEB8-8B4A-11D0-8D11-00A0C91BC942}") = "vj3_zad3", "vj3_zad3\vj3_zad3.vcxproj", "{EDF1CCBF-CC2F-4964-BA17-18DA92D99271}"
EndProject
Project("{8BC9CEB8-8B4A-11D0-8D11-00A0C91BC942}") = "vj3_zad4", "vj3_zad4\vj3_zad4.vcxproj", "{DB10571A-2328-4962-9073-2FF70FF8814D}"
EndProject
Project("{8BC9CEB8-8B4A-11D0-8D11-00A0C91BC942}") = "vj3_zad5", "vj3_zad5\vj3_zad5.vcxproj", "{D9052671-8EE8-40B3-97E6-EF3A6F63DE19}"
EndProject
Project("{8BC9CEB8-8B4A-11D0-8D11-00A0C91BC942}") = "vj3_zad6", "vj3_zad6\vj3_zad6.vcxproj", "{A0FD1B80-A3C5-4017-BAE6-AE36404EEE07}"
EndProject
Project("{8BC9CEB8-8B4A-11D0-8D11-00A0C91BC942}") = "v5_zad1", "v5_zad1\v5_zad1.vcxproj", "{1901CD17-D18D-4B57-95F1-E2380650714D}"
EndProject
Project("{8BC9CEB8-8B4A-11D0-8D11-00A0C91BC942}") = "v5_zad2", "v5_zad2\v5_zad2.vcxproj", "{5C88F7ED-C671-4F5F-85ED-F20A30AAAB95}"
EndProject
Project("{8BC9CEB8-8B4A-11D0-8D11-00A0C91BC942}") = "v5_zad3", "v5_zad3\v5_zad3.vcxproj", "{B2E5F6F2-F67A-40F1-9862-56B56A11D18B}"
EndProject
Project("{8BC9CEB8-8B4A-11D0-8D11-00A0C91BC942}") = "v5_zad4", "v5_zad4\v5_zad4.vcxproj", "{89D88DF7-7080-4466-8C71-8190046099F8}"
EndProject
Global
	GlobalSection(SolutionConfigurationPlatforms) = preSolution
		Debug|Win32 = Debug|Win32
		Release|Win32 = Release|Win32
	EndGlobalSection
	GlobalSection(ProjectConfigurationPlatforms) = postSolution
		{C362A8CB-ADB3-45A0-9337-F84E4ACB6531}.Debug|Win32.ActiveCfg = Debug|Win32
		{C362A8CB-ADB3-45A0-9337-F84E4ACB6531}.Debug|Win32.Build.0 = Debug|Win32
		{C362A8CB-ADB3-45A0-9337-F84E4ACB6531}.Release|Win32.ActiveCfg = Release|Win32
		{C362A8CB-ADB3-45A0-9337-F84E4ACB6531}.Release|Win32.Build.0 = Release|Win32
		{5DB8D2AD-C58C-4DF7-8B1F-8D70B4D0C0F0}.Debug|Win32.ActiveCfg = Debug|Win32
		{5DB8D2AD-C58C-4DF7-8B1F-8D70B4D0C0F0}.Debug|Win32.Build.0 = Debug|Win32
		{5DB8D2AD-C58C-4DF7-8B1F-8D70B4D0C0F0}.Release|Win32.ActiveCfg = Release|Win32
		{5DB8D2AD-C58C-4DF7-8B1F-8D70B4D0C0F0}.Release|Win32.Build.0 = Release|Win32
		{B9588105-450D-4126-87DE-DB7CC0A2DED7}.Debug|Win32.ActiveCfg = Debug|Win32
		{B9588105-450D-4126-87DE-DB7CC0A2DED7}.Debug|Win32.Build.0 = Debug|Win32
		{B9588105-450D-4126-87DE-DB7CC0A2DED7}.Release|Win32.ActiveCfg = Release|Win32
		{B9588105-450D-4126-87DE-DB7CC0A2DED7}.Release|Win32.Build.0 = Release|Win32
		{9EF0C98C-6EA3-4A7E-9A86-65E11F4FFCB3}.Debug|Win32.ActiveCfg = Debug|Win32
		{9EF0C98C-6EA3-4A7E-9A86-65E11F4FFCB3}.Debug|Win32.Build.0 = Debug|Win32
		{9EF0C98C-6EA3-4A7E-9A86-65E11F4FFCB3}.Release|Win32.ActiveCfg = Release|Win32
		{9EF0C98C-6EA3-4A7E-9A86-65E11F4FFCB3}.Release|Win32.Build.0 = Release|Win32
		{4E353023-2CB5-4BDA-8C94-4E9FC0AE86DF}.Debug|Win32.ActiveCfg = Debug|Win32
		{4E353023-2CB5-4BDA-8C94-4E9FC0AE86DF}.Debug|Win32.Build.0 = Debug|Win32
		{4E353023-2CB5-4BDA-8C94-4E9FC0AE86DF}.Release|Win32.ActiveCfg = Release|Win32
		{4E353023-2CB5-4BDA-8C94-4E9FC0AE86DF}.Release|Win32.Build.0 = Release|Win32
		{1E69D23C-E3A2-4B15-84F9-AF89271374F3}.Debug|Win32.ActiveCfg = Debug|Win32
		{1E69D23C-E3A2-4B15-84F9-AF89271374F3}.Debug|Win32.Build.0 = Debug|Win32
		{1E69D23C-E3A2-4B15-84F9-AF89271374F3}.Release|Win32.ActiveCfg = Release|Win32
		{1E69D23C-E3A2-4B15-84F9-AF89271374F3}.Release|Win32.Build.0 = Release|Win32
		{E137ED00-C30B-4A96-871E-1AF8FB35C549}.Debug|Win32.ActiveCfg = Debug|Win32
		{E137ED00-C30B-4A96-871E-1AF8FB35C549}.Debug|Win32.Build.0 = Debug|Win32
		{E137ED00-C30B-4A96-871E-1AF8FB35C549}.Release|Win32.ActiveCfg = Release|Win32
		{E137ED00-C30B-4A96-871E-1AF8FB35C549}.Release|Win32.Build.0 = Release|Win32
		{65B865CE-D191-4922-9734-9E123EAF730B}.Debug|Win32.ActiveCfg = Debug|Win32
		{65B865CE-D191-4922-9734-9E123EAF730B}.Debug|Win32.Build.0 = Debug|Win32
		{65B865CE-D191-4922-9734-9E123EAF730B}.Release|Win32.ActiveCfg = Release|Win32
		{65B865CE-D191-4922-9734-9E123EAF730B}.Release|Win32.Build.0 = Release|Win32
		{BABCA606-EE31-492C-8255-14D2E7A3A911}.Debug|Win32.ActiveCfg = Debug|Win32
		{BABCA606-EE31-492C-8255-14D2E7A3A911}.Debug|Win32.Build.0 = Debug|Win32
		{BABCA606-EE31-492C-8255-14D2E7A3A911}.Release|Win32.ActiveCfg = Release|Win32
		{BABCA606-EE31-492C-8255-14D2E7A3A911}.Release|Win32.Build.0 = Release|Win32
		{8E60BCBB-C14B-439C-94B2-22BE45DC2695}.Debug|Win32.ActiveCfg = Debug|Win32
		{8E60BCBB-C14B-439C-94B2-22BE45DC2695}.Debug|Win32.Build.0 = Debug|Win32
		{8E60BCBB-C14B-439C-94B2-22BE45DC2695}.Release|Win32.ActiveCfg = Release|Win32
		{8E60BCBB-C14B-439C-94B2-22BE45DC2695}.Release|Win32.Build.0 = Release|Win32
		{EDF1CCBF-CC2F-4964-BA17-18DA92D99271}.Debug|Win32.ActiveCfg = Debug|Win32
		{EDF1CCBF-CC2F-4964-BA17-18DA92D99271}.Debug|Win32.Build.0 = Debug|Win32
		{EDF1CCBF-CC2F-4964-BA17-18DA92D99271}.Release|Win32.ActiveCfg = Release|Win32
		{EDF1CCBF-CC2F-4964-BA17-18DA92D99271}.Release|Win32.Build.0 = Release|Win32
		{DB10571A-2328-4962-9073-2FF70FF8814D}.Debug|Win32.ActiveCfg = Debug|Win32
		{DB10571A-2328-4962-9073-2FF70FF8814D}.Debug|Win32.Build.0 = Debug|Win32
		{DB10571A-2328-4962-9073-2FF70FF8814D}.Release|Win32.ActiveCfg = Release|Win32
		{DB10571A-2328-4962-9073-2FF70FF8814D}.Release|Win32.Build.0 = Release|Win32
		{D9052671-8EE8-40B3-97E6-EF3A6F63DE19}.Debug|Win32.ActiveCfg = Debug|Win32
		{D9052671-8EE8-40B3-97E6-EF3A6F63DE19}.Debug|Win32.Build.0 = Debug|Win32
		{D9052671-8EE8-40B3-97E6-EF3A6F63DE19}.Release|Win32.ActiveCfg = Release|Win32
		{D9052671-8EE8-40B3-97E6-EF3A6F63DE19}.Release|Win32.Build.0 = Release|Win32
		{A0FD1B80-A3C5-4017-BAE6-AE36404EEE07}.Debug|Win32.ActiveCfg = Debug|Win32
		{A0FD1B80-A3C5-4017-BAE6-AE36404EEE07}.Debug|Win32.Build.0 = Debug|Win32
		{A0FD1B80-A3C5-4017-BAE6-AE36404EEE07}.Release|Win32.ActiveCfg = Release|Win32
		{A0FD1B80-A3C5-4017-BAE6-AE36404EEE07}.Release|Win32.Build.0 = Release|Win32
		{1901CD17-D18D-4B57-95F1-E2380650714D}.Debug|Win32.ActiveCfg = Debug|Win32
		{1901CD17-D18D-4B57-95F1-E2380650714D}.Debug|Win32.Build.0 = Debug|Win32
		{1901CD17-D18D-4B57-95F1-E2380650714D}.Release|Win32.ActiveCfg = Release|Win32
		{1901CD17-D18D-4B57-95F1-E2380650714D}.Release|Win32.Build.0 = Release|Win32
		{5C88F7ED-C671-4F5F-85ED-F20A30AAAB95}.Debug|Win32.ActiveCfg = Debug|Win32
		{5C88F7ED-C671-4F5F-85ED-F20A30AAAB95}.Debug|Win32.Build.0 = Debug|Win32
		{5C88F7ED-C671-4F5F-85ED-F20A30AAAB95}.Release|Win32.ActiveCfg = Release|Win32
		{5C88F7ED-C671-4F5F-85ED-F20A30AAAB95}.Release|Win32.Build.0 = Release|Win32
		{B2E5F6F2-F67A-40F1-9862-56B56A11D18B}.Debug|Win32.ActiveCfg = Debug|Win32
		{B2E5F6F2-F67A-40F1-9862-56B56A11D18B}.Debug|Win32.Build.0 = Debug|Win32
		{B2E5F6F2-F67A-40F1-9862-56B56A11D18B}.Release|Win32.ActiveCfg = Release|Win32
		{B2E5F6F2-F67A-40F1-9862-56B56A11D18B}.Release|Win32.Build.0 = Release|Win32
		{89D88DF7-7080-4466-8C71-8190046099F8}.Debug|Win32.ActiveCfg = Debug|Win32
		{89D88DF7-7080-4466-8C71-8190046099F8}.Debug|Win32.Build.0 = Debug|Win32
		{89D88DF7-7080-4466-8C71-8190046099F8}.Release|Win32.ActiveCfg = Release|Win32
		{89D88DF7-7080-4466-8C71-8190046099F8}.Release|Win32.Build.0 = Release|Win32
	EndGlobalSection
	GlobalSection(SolutionProperties) = preSolution
		HideSolutionNode = FALSE
	EndGlobalSection
	GlobalSection(NestedProjects) = preSolution
		{C362A8CB-ADB3-45A0-9337-F84E4ACB6531} = {CF0C8E02-8566-4EFC-A9EF-5A728AB3A38E}
		{5DB8D2AD-C58C-4DF7-8B1F-8D70B4D0C0F0} = {CF0C8E02-8566-4EFC-A9EF-5A728AB3A38E}
		{B9588105-450D-4126-87DE-DB7CC0A2DED7} = {CF0C8E02-8566-4EFC-A9EF-5A728AB3A38E}
		{9EF0C98C-6EA3-4A7E-9A86-65E11F4FFCB3} = {CF0C8E02-8566-4EFC-A9EF-5A728AB3A38E}
		{4E353023-2CB5-4BDA-8C94-4E9FC0AE86DF} = {06FC343D-E47C-4832-A77D-E98DD759B8A5}
		{1E69D23C-E3A2-4B15-84F9-AF89271374F3} = {06FC343D-E47C-4832-A77D-E98DD759B8A5}
		{E137ED00-C30B-4A96-871E-1AF8FB35C549} = {06FC343D-E47C-4832-A77D-E98DD759B8A5}
		{65B865CE-D191-4922-9734-9E123EAF730B} = {06FC343D-E47C-4832-A77D-E98DD759B8A5}
		{BABCA606-EE31-492C-8255-14D2E7A3A911} = {AE008F43-5B73-4F89-9C3A-EADAF5E7F6CF}
		{8E60BCBB-C14B-439C-94B2-22BE45DC2695} = {AE008F43-5B73-4F89-9C3A-EADAF5E7F6CF}
		{EDF1CCBF-CC2F-4964-BA17-18DA92D99271} = {AE008F43-5B73-4F89-9C3A-EADAF5E7F6CF}
		{DB10571A-2328-4962-9073-2FF70FF8814D} = {AE008F43-5B73-4F89-9C3A-EADAF5E7F6CF}
		{D9052671-8EE8-40B3-97E6-EF3A6F63DE19} = {AE008F43-5B73-4F89-9C3A-EADAF5E7F6CF}
		{A0FD1B80-A3C5-4017-BAE6-AE36404EEE07} = {AE008F43-5B73-4F89-9C3A-EADAF5E7F6CF}
		{1901CD17-D18D-4B57-95F1-E2380650714D} = {E6DEC9A3-C8F3-4AB1-96DB-FB423C34D662}
		{5C88F7ED-C671-4F5F-85ED-F20A30AAAB95} = {E6DEC9A3-C8F3-4AB1-96DB-FB423C34D662}
		{B2E5F6F2-F67A-40F1-9862-56B56A11D18B} = {E6DEC9A3-C8F3-4AB1-96DB-FB423C34D662}
		{89D88DF7-7080-4466-8C71-8190046099F8} = {E6DEC9A3-C8F3-4AB1-96DB-FB423C34D662}
	EndGlobalSection
EndGlobal
